# This file was autogenerated by Stack.
# You should not edit this file by hand.
# For more information, please see the documentation at:
#   https://docs.haskellstack.org/en/stable/topics/lock_files

packages:
- completed:
    hackage: flatparse-0.5.3.0@sha256:e1ffe52871135342cd2b3052c2217253bdf5b996f0f56d7d011527219595e0dd,4577
    pantry-tree:
      sha256: 68a4b0ac9d58b9926dd3452319a5fbdd99821f7f391e12042762517456338350
      size: 2342
  original:
    hackage: flatparse-0.5.3.0
snapshots:
- completed:
    sha256: 74e7c16a4a111104faf2f9e95f8874b3db3d5aa78962eda6dd448388806bd490
    size: 692467
    url: https://raw.githubusercontent.com/commercialhaskell/stackage-snapshots/master/nightly/2025/9/10.yaml
  original: nightly-2025-09-10
